
Microsoft Visual Studio Solution File, Format Version 12.00
# Visual Studio 15
Project("{FAE04EC0-301F-11D3-BF4B-00C04F79EFBC}") = "Assembly-CSharp", "Assembly-CSharp.csproj", "{B388F0A6-5F95-70C3-6FFA-7C7165F45D90}"
EndProject
Project("{FAE04EC0-301F-11D3-BF4B-00C04F79EFBC}") = "Assembly-CSharp-Editor", "Assembly-CSharp-Editor.csproj", "{CAC80C73-CDAB-B706-F9F7-862085D8AA90}"
EndProject
Global
	GlobalSection(SolutionConfigurationPlatforms) = preSolution
		Debug|Any CPU = Debug|Any CPU
		Release|Any CPU = Release|Any CPU
	EndGlobalSection
	GlobalSection(ProjectConfigurationPlatforms) = postSolution
		{B388F0A6-5F95-70C3-6FFA-7C7165F45D90}.Debug|Any CPU.ActiveCfg = Debug|Any CPU
		{B388F0A6-5F95-70C3-6FFA-7C7165F45D90}.Debug|Any CPU.Build.0 = Debug|Any CPU
		{B388F0A6-5F95-70C3-6FFA-7C7165F45D90}.Release|Any CPU.ActiveCfg = Release|Any CPU
		{B388F0A6-5F95-70C3-6FFA-7C7165F45D90}.Release|Any CPU.Build.0 = Release|Any CPU
		{CAC80C73-CDAB-B706-F9F7-862085D8AA90}.Debug|Any CPU.ActiveCfg = Debug|Any CPU
		{CAC80C73-CDAB-B706-F9F7-862085D8AA90}.Debug|Any CPU.Build.0 = Debug|Any CPU
		{CAC80C73-CDAB-B706-F9F7-862085D8AA90}.Release|Any CPU.ActiveCfg = Release|Any CPU
		{CAC80C73-CDAB-B706-F9F7-862085D8AA90}.Release|Any CPU.Build.0 = Release|Any CPU
	EndGlobalSection
	GlobalSection(SolutionProperties) = preSolution
		HideSolutionNode = FALSE
	EndGlobalSection
EndGlobal
